
Microsoft Visual Studio Solution File, Format Version 12.00
# Visual Studio 15
VisualStudioVersion = 15.0.27703.2018
MinimumVisualStudioVersion = 10.0.40219.1
Project("{FAE04EC0-301F-11D3-BF4B-00C04F79EFBC}") = "methodExercise02", "methodExercise02\methodExercise02.csproj", "{99C7B5B9-4F6F-4FA3-A58A-887B6607B6BA}"
EndProject
Global
	GlobalSection(SolutionConfigurationPlatforms) = preSolution
		Debug|Any CPU = Debug|Any CPU
		Release|Any CPU = Release|Any CPU
	EndGlobalSection
	GlobalSection(ProjectConfigurationPlatforms) = postSolution
		{99C7B5B9-4F6F-4FA3-A58A-887B6607B6BA}.Debug|Any CPU.ActiveCfg = Debug|Any CPU
		{99C7B5B9-4F6F-4FA3-A58A-887B6607B6BA}.Debug|Any CPU.Build.0 = Debug|Any CPU
		{99C7B5B9-4F6F-4FA3-A58A-887B6607B6BA}.Release|Any CPU.ActiveCfg = Release|Any CPU
		{99C7B5B9-4F6F-4FA3-A58A-887B6607B6BA}.Release|Any CPU.Build.0 = Release|Any CPU
	EndGlobalSection
	GlobalSection(SolutionProperties) = preSolution
		HideSolutionNode = FALSE
	EndGlobalSection
	GlobalSection(ExtensibilityGlobals) = postSolution
		SolutionGuid = {C6BB722F-64D2-4CC9-A22C-3742EF6CC7F7}
	EndGlobalSection
EndGlobal
